
Microsoft Visual Studio Solution File, Format Version 12.00
Project("{2150E333-8FDC-42A3-9474-1A3956D46DE8}") = "myfood.Api", "myfood.Api", "{94FB2057-D881-4870-A835-7EE9245023DF}"
EndProject
Project("{2150E333-8FDC-42A3-9474-1A3956D46DE8}") = "myfood.Modules", "myfood.Modules", "{36241FFF-EA31-4B90-A658-76DE24769413}"
EndProject
Project("{2150E333-8FDC-42A3-9474-1A3956D46DE8}") = "myfood.Shared", "myfood.Shared", "{520E5A25-EFE9-4778-B102-BD1E18E1409D}"
EndProject
Project("{FAE04EC0-301F-11D3-BF4B-00C04F79EFBC}") = "Api", "myfood.Api\Api\Api.csproj", "{90F2A820-6703-4066-BA53-3EA7ACEEBB6F}"
EndProject
Project("{FAE04EC0-301F-11D3-BF4B-00C04F79EFBC}") = "Shared", "myfood.Shared\Shared\Shared.csproj", "{34541836-F699-48B5-823A-974473011FBA}"
EndProject
Project("{FAE04EC0-301F-11D3-BF4B-00C04F79EFBC}") = "Shared.Contract", "myfood.Shared\Shared.Contract\Shared.Contract.csproj", "{F20B7115-AE01-40A7-898C-D2ED31EAC09F}"
EndProject
Project("{FAE04EC0-301F-11D3-BF4B-00C04F79EFBC}") = "myfood.Messages", "myfood.Shared\myfood.Messages\myfood.Messages.csproj", "{EC8727A5-CE07-4782-B2DF-1099A690BA94}"
EndProject
Project("{2150E333-8FDC-42A3-9474-1A3956D46DE8}") = "Identity", "Identity", "{DA28DEBC-3230-46CD-88F1-B6FD703A9A46}"
EndProject
Project("{FAE04EC0-301F-11D3-BF4B-00C04F79EFBC}") = "Identity.Domain", "myfood.Modules\Identity\Identity.Domain\Identity.Domain.csproj", "{0C64A27D-3670-428A-8DCE-3ED3E3CB5F95}"
EndProject
Project("{FAE04EC0-301F-11D3-BF4B-00C04F79EFBC}") = "Identity.Application", "myfood.Modules\Identity\Identity.Application\Identity.Application.csproj", "{5023B2D1-48A1-4C0E-BF62-9A456E11BBF8}"
EndProject
Project("{FAE04EC0-301F-11D3-BF4B-00C04F79EFBC}") = "Identity.infrastructure", "myfood.Modules\Identity\Identity.infrastructure\Identity.infrastructure.csproj", "{C792E0F0-29D7-438A-B493-CE17DEBE385F}"
EndProject
Project("{2150E333-8FDC-42A3-9474-1A3956D46DE8}") = "Common", "Common", "{BC623213-32E1-43CC-ADD7-6E36D074A771}"
EndProject
Project("{FAE04EC0-301F-11D3-BF4B-00C04F79EFBC}") = "Common", "myfood.Modules\Common\Common\Common.csproj", "{CF4BC291-9AC1-45D3-8E38-1196DAAD5565}"
EndProject
Project("{2150E333-8FDC-42A3-9474-1A3956D46DE8}") = "Notification", "Notification", "{5D44C5B3-6541-4118-A146-BD0986AF6FC9}"
EndProject
Project("{FAE04EC0-301F-11D3-BF4B-00C04F79EFBC}") = "Notification", "Notification\Notification\Notification.csproj", "{DFD8D024-EA27-4AB5-A8F0-56F82732D444}"
EndProject
Global
	GlobalSection(SolutionConfigurationPlatforms) = preSolution
		Debug|Any CPU = Debug|Any CPU
		Release|Any CPU = Release|Any CPU
	EndGlobalSection
	GlobalSection(NestedProjects) = preSolution
		{90F2A820-6703-4066-BA53-3EA7ACEEBB6F} = {94FB2057-D881-4870-A835-7EE9245023DF}
		{34541836-F699-48B5-823A-974473011FBA} = {520E5A25-EFE9-4778-B102-BD1E18E1409D}
		{F20B7115-AE01-40A7-898C-D2ED31EAC09F} = {520E5A25-EFE9-4778-B102-BD1E18E1409D}
		{EC8727A5-CE07-4782-B2DF-1099A690BA94} = {520E5A25-EFE9-4778-B102-BD1E18E1409D}
		{DA28DEBC-3230-46CD-88F1-B6FD703A9A46} = {36241FFF-EA31-4B90-A658-76DE24769413}
		{0C64A27D-3670-428A-8DCE-3ED3E3CB5F95} = {DA28DEBC-3230-46CD-88F1-B6FD703A9A46}
		{5023B2D1-48A1-4C0E-BF62-9A456E11BBF8} = {DA28DEBC-3230-46CD-88F1-B6FD703A9A46}
		{C792E0F0-29D7-438A-B493-CE17DEBE385F} = {DA28DEBC-3230-46CD-88F1-B6FD703A9A46}
		{BC623213-32E1-43CC-ADD7-6E36D074A771} = {36241FFF-EA31-4B90-A658-76DE24769413}
		{CF4BC291-9AC1-45D3-8E38-1196DAAD5565} = {BC623213-32E1-43CC-ADD7-6E36D074A771}
		{5D44C5B3-6541-4118-A146-BD0986AF6FC9} = {36241FFF-EA31-4B90-A658-76DE24769413}
		{DFD8D024-EA27-4AB5-A8F0-56F82732D444} = {5D44C5B3-6541-4118-A146-BD0986AF6FC9}
	EndGlobalSection
	GlobalSection(ProjectConfigurationPlatforms) = postSolution
		{90F2A820-6703-4066-BA53-3EA7ACEEBB6F}.Debug|Any CPU.ActiveCfg = Debug|Any CPU
		{90F2A820-6703-4066-BA53-3EA7ACEEBB6F}.Debug|Any CPU.Build.0 = Debug|Any CPU
		{90F2A820-6703-4066-BA53-3EA7ACEEBB6F}.Release|Any CPU.ActiveCfg = Release|Any CPU
		{90F2A820-6703-4066-BA53-3EA7ACEEBB6F}.Release|Any CPU.Build.0 = Release|Any CPU
		{34541836-F699-48B5-823A-974473011FBA}.Debug|Any CPU.ActiveCfg = Debug|Any CPU
		{34541836-F699-48B5-823A-974473011FBA}.Debug|Any CPU.Build.0 = Debug|Any CPU
		{34541836-F699-48B5-823A-974473011FBA}.Release|Any CPU.ActiveCfg = Release|Any CPU
		{34541836-F699-48B5-823A-974473011FBA}.Release|Any CPU.Build.0 = Release|Any CPU
		{F20B7115-AE01-40A7-898C-D2ED31EAC09F}.Debug|Any CPU.ActiveCfg = Debug|Any CPU
		{F20B7115-AE01-40A7-898C-D2ED31EAC09F}.Debug|Any CPU.Build.0 = Debug|Any CPU
		{F20B7115-AE01-40A7-898C-D2ED31EAC09F}.Release|Any CPU.ActiveCfg = Release|Any CPU
		{F20B7115-AE01-40A7-898C-D2ED31EAC09F}.Release|Any CPU.Build.0 = Release|Any CPU
		{EC8727A5-CE07-4782-B2DF-1099A690BA94}.Debug|Any CPU.ActiveCfg = Debug|Any CPU
		{EC8727A5-CE07-4782-B2DF-1099A690BA94}.Debug|Any CPU.Build.0 = Debug|Any CPU
		{EC8727A5-CE07-4782-B2DF-1099A690BA94}.Release|Any CPU.ActiveCfg = Release|Any CPU
		{EC8727A5-CE07-4782-B2DF-1099A690BA94}.Release|Any CPU.Build.0 = Release|Any CPU
		{0C64A27D-3670-428A-8DCE-3ED3E3CB5F95}.Debug|Any CPU.ActiveCfg = Debug|Any CPU
		{0C64A27D-3670-428A-8DCE-3ED3E3CB5F95}.Debug|Any CPU.Build.0 = Debug|Any CPU
		{0C64A27D-3670-428A-8DCE-3ED3E3CB5F95}.Release|Any CPU.ActiveCfg = Release|Any CPU
		{0C64A27D-3670-428A-8DCE-3ED3E3CB5F95}.Release|Any CPU.Build.0 = Release|Any CPU
		{5023B2D1-48A1-4C0E-BF62-9A456E11BBF8}.Debug|Any CPU.ActiveCfg = Debug|Any CPU
		{5023B2D1-48A1-4C0E-BF62-9A456E11BBF8}.Debug|Any CPU.Build.0 = Debug|Any CPU
		{5023B2D1-48A1-4C0E-BF62-9A456E11BBF8}.Release|Any CPU.ActiveCfg = Release|Any CPU
		{5023B2D1-48A1-4C0E-BF62-9A456E11BBF8}.Release|Any CPU.Build.0 = Release|Any CPU
		{C792E0F0-29D7-438A-B493-CE17DEBE385F}.Debug|Any CPU.ActiveCfg = Debug|Any CPU
		{C792E0F0-29D7-438A-B493-CE17DEBE385F}.Debug|Any CPU.Build.0 = Debug|Any CPU
		{C792E0F0-29D7-438A-B493-CE17DEBE385F}.Release|Any CPU.ActiveCfg = Release|Any CPU
		{C792E0F0-29D7-438A-B493-CE17DEBE385F}.Release|Any CPU.Build.0 = Release|Any CPU
		{CF4BC291-9AC1-45D3-8E38-1196DAAD5565}.Debug|Any CPU.ActiveCfg = Debug|Any CPU
		{CF4BC291-9AC1-45D3-8E38-1196DAAD5565}.Debug|Any CPU.Build.0 = Debug|Any CPU
		{CF4BC291-9AC1-45D3-8E38-1196DAAD5565}.Release|Any CPU.ActiveCfg = Release|Any CPU
		{CF4BC291-9AC1-45D3-8E38-1196DAAD5565}.Release|Any CPU.Build.0 = Release|Any CPU
		{DFD8D024-EA27-4AB5-A8F0-56F82732D444}.Debug|Any CPU.ActiveCfg = Debug|Any CPU
		{DFD8D024-EA27-4AB5-A8F0-56F82732D444}.Debug|Any CPU.Build.0 = Debug|Any CPU
		{DFD8D024-EA27-4AB5-A8F0-56F82732D444}.Release|Any CPU.ActiveCfg = Release|Any CPU
		{DFD8D024-EA27-4AB5-A8F0-56F82732D444}.Release|Any CPU.Build.0 = Release|Any CPU
	EndGlobalSection
EndGlobal
